
Microsoft Visual Studio Solution File, Format Version 12.00
# Visual Studio Version 17
VisualStudioVersion = 17.3.32901.215
MinimumVisualStudioVersion = 10.0.40219.1
Project("{FAE04EC0-301F-11D3-BF4B-00C04F79EFBC}") = "Q1", "Q1\Q1.csproj", "{90D92917-24DE-403D-809F-7F58869DAD7D}"
EndProject
Global
	GlobalSection(SolutionConfigurationPlatforms) = preSolution
		Debug|Any CPU = Debug|Any CPU
		Release|Any CPU = Release|Any CPU
	EndGlobalSection
	GlobalSection(ProjectConfigurationPlatforms) = postSolution
		{90D92917-24DE-403D-809F-7F58869DAD7D}.Debug|Any CPU.ActiveCfg = Debug|Any CPU
		{90D92917-24DE-403D-809F-7F58869DAD7D}.Debug|Any CPU.Build.0 = Debug|Any CPU
		{90D92917-24DE-403D-809F-7F58869DAD7D}.Release|Any CPU.ActiveCfg = Release|Any CPU
		{90D92917-24DE-403D-809F-7F58869DAD7D}.Release|Any CPU.Build.0 = Release|Any CPU
	EndGlobalSection
	GlobalSection(SolutionProperties) = preSolution
		HideSolutionNode = FALSE
	EndGlobalSection
	GlobalSection(ExtensibilityGlobals) = postSolution
		SolutionGuid = {BEF18454-B957-43AD-839B-2B4216CD592E}
	EndGlobalSection
EndGlobal
